
Microsoft Visual Studio Solution File, Format Version 12.00
# Visual Studio Version 17
VisualStudioVersion = 17.13.35913.81
MinimumVisualStudioVersion = 10.0.40219.1
Project("{FAE04EC0-301F-11D3-BF4B-00C04F79EFBC}") = "CursorLibrary", "CursorLibrary\CursorLibrary.csproj", "{62C68289-033F-40BF-A37F-73C6CF3D5993}"
EndProject
Project("{FAE04EC0-301F-11D3-BF4B-00C04F79EFBC}") = "Test", "Test\Test.csproj", "{08E6E588-3429-4E8A-959F-97F06F7DD70C}"
EndProject
Global
	GlobalSection(SolutionConfigurationPlatforms) = preSolution
		Debug|Any CPU = Debug|Any CPU
		Release|Any CPU = Release|Any CPU
	EndGlobalSection
	GlobalSection(ProjectConfigurationPlatforms) = postSolution
		{62C68289-033F-40BF-A37F-73C6CF3D5993}.Debug|Any CPU.ActiveCfg = Debug|Any CPU
		{62C68289-033F-40BF-A37F-73C6CF3D5993}.Debug|Any CPU.Build.0 = Debug|Any CPU
		{62C68289-033F-40BF-A37F-73C6CF3D5993}.Release|Any CPU.ActiveCfg = Release|Any CPU
		{62C68289-033F-40BF-A37F-73C6CF3D5993}.Release|Any CPU.Build.0 = Release|Any CPU
		{08E6E588-3429-4E8A-959F-97F06F7DD70C}.Debug|Any CPU.ActiveCfg = Debug|Any CPU
		{08E6E588-3429-4E8A-959F-97F06F7DD70C}.Debug|Any CPU.Build.0 = Debug|Any CPU
		{08E6E588-3429-4E8A-959F-97F06F7DD70C}.Release|Any CPU.ActiveCfg = Release|Any CPU
		{08E6E588-3429-4E8A-959F-97F06F7DD70C}.Release|Any CPU.Build.0 = Release|Any CPU
	EndGlobalSection
	GlobalSection(SolutionProperties) = preSolution
		HideSolutionNode = FALSE
	EndGlobalSection
	GlobalSection(ExtensibilityGlobals) = postSolution
		SolutionGuid = {C2CA0686-3E7B-469C-85B8-5FAC2DF583FF}
	EndGlobalSection
EndGlobal
